<?xml version="1.0" encoding="utf-8"?>
<Project ToolsVersion="4.0" xmlns="http://schemas.microsoft.com/developer/msbuild/2003">
  <ItemGroup>
    <Filter Include="Source Files">
      <UniqueIdentifier>{4FC737F1-C7A5-4376-A066-2A32D752A2FF}</UniqueIdentifier>
      <Extensions>cpp;c;cc;cxx;def;odl;idl;hpj;bat;asm;asmx</Extensions>
    </Filter>
    <Filter Include="Resource Files">
      <UniqueIdentifier>{67DA6AB6-F800-4c08-8B7A-83BB121AAD01}</UniqueIdentifier>
      <Extensions>rc;ico;cur;bmp;dlg;rc2;rct;bin;rgs;gif;jpg;jpeg;jpe;resx;tiff;tif;png;wav;mfcribbon-ms</Extensions>
    </Filter>
    <Filter Include="Game">
      <UniqueIdentifier>{01a35fc9-8b9c-40ba-a405-247660f627d2}</UniqueIdentifier>
    </Filter>
    <Filter Include="Global">
      <UniqueIdentifier>{8173bf69-3736-4818-84a0-6ea82c1f972d}</UniqueIdentifier>
    </Filter>
    <Filter Include="Weapon">
      <UniqueIdentifier>{456d25e6-55aa-423d-98eb-d8ef179a21e5}</UniqueIdentifier>
    </Filter>
    <Filter Include="FrameWork">
      <UniqueIdentifier>{e92328e6-7a50-4700-baa5-dc9912bef274}</UniqueIdentifier>
    </Filter>
    <Filter Include="FrameWork\Camera">
      <UniqueIdentifier>{1a69e8d5-ee58-4b7e-b85c-d81a1d5dd0d8}</UniqueIdentifier>
    </Filter>
    <Filter Include="Others">
      <UniqueIdentifier>{14952b6c-f907-4a52-9a1f-6294399995c5}</UniqueIdentifier>
    </Filter>
    <Filter Include="Object">
      <UniqueIdentifier>{61f860b9-d4c7-4ec8-9ad7-618dedcb7a68}</UniqueIdentifier>
    </Filter>
    <Filter Include="FrameWork\Audio">
      <UniqueIdentifier>{518c110d-cb42-4d3a-8b90-c7ad832990bd}</UniqueIdentifier>
    </Filter>
    <Filter Include="FrameWork\Collision">
      <UniqueIdentifier>{441964a9-e64a-466b-b458-86d1438de6f1}</UniqueIdentifier>
    </Filter>
    <Filter Include="FrameWork\Map">
      <UniqueIdentifier>{e8d23ce6-767a-4b5f-b868-eb4c8f31d1de}</UniqueIdentifier>
    </Filter>
  </ItemGroup>
  <ItemGroup>
    <ClCompile Include="SceneMain.cpp">
      <Filter>Game</Filter>
    </ClCompile>
    <ClCompile Include="Game.cpp">
      <Filter>Game</Filter>
    </ClCompile>
    <ClCompile Include="Global.cpp">
      <Filter>Global</Filter>
    </ClCompile>
    <ClCompile Include="Axe.cpp">
      <Filter>Weapon</Filter>
    </ClCompile>
    <ClCompile Include="Main.cpp">
      <Filter>Source Files</Filter>
    </ClCompile>
    <ClCompile Include="Weapon.cpp">
      <Filter>Weapon</Filter>
    </ClCompile>
    <ClCompile Include="Sweet_AABB.cpp">
      <Filter>FrameWork\Collision</Filter>
    </ClCompile>
    <ClCompile Include="Map.cpp">
      <Filter>FrameWork\Map</Filter>
    </ClCompile>
    <ClCompile Include="Utils.cpp">
      <Filter>Global</Filter>
    </ClCompile>
    <ClCompile Include="Object.cpp">
      <Filter>Object</Filter>
    </ClCompile>
    <ClCompile Include="GSprite.cpp">
      <Filter>FrameWork</Filter>
    </ClCompile>
    <ClCompile Include="GTexture.cpp">
      <Filter>FrameWork</Filter>
    </ClCompile>
    <ClCompile Include="GCamera.cpp">
      <Filter>FrameWork\Camera</Filter>
    </ClCompile>
    <ClCompile Include="GAudio.cpp">
      <Filter>FrameWork\Audio</Filter>
    </ClCompile>
    <ClCompile Include="GSound.cpp">
      <Filter>FrameWork\Audio</Filter>
    </ClCompile>
  </ItemGroup>
  <ItemGroup>
    <ClInclude Include="SceneMain.h">
      <Filter>Game</Filter>
    </ClInclude>
    <ClInclude Include="Game.h">
      <Filter>Game</Filter>
    </ClInclude>
    <ClInclude Include="Global.h">
      <Filter>Global</Filter>
    </ClInclude>
    <ClInclude Include="Weapon.h">
      <Filter>Weapon</Filter>
    </ClInclude>
    <ClInclude Include="Axe.h">
      <Filter>Weapon</Filter>
    </ClInclude>
    <ClInclude Include="Sweet_AABB.h">
      <Filter>FrameWork\Collision</Filter>
    </ClInclude>
    <ClInclude Include="Map.h">
      <Filter>FrameWork\Map</Filter>
    </ClInclude>
    <ClInclude Include="Utils.h">
      <Filter>Global</Filter>
    </ClInclude>
    <ClInclude Include="Object.h">
      <Filter>Object</Filter>
    </ClInclude>
    <ClInclude Include="GSprite.h">
      <Filter>FrameWork</Filter>
    </ClInclude>
    <ClInclude Include="GTexture.h">
      <Filter>FrameWork</Filter>
    </ClInclude>
    <ClInclude Include="GCamera.h">
      <Filter>FrameWork\Camera</Filter>
    </ClInclude>
    <ClInclude Include="GAudio.h">
      <Filter>FrameWork\Audio</Filter>
    </ClInclude>
    <ClInclude Include="GSound.h">
      <Filter>FrameWork\Audio</Filter>
    </ClInclude>
    <ClInclude Include="dxutil.h">
      <Filter>FrameWork\Audio</Filter>
    </ClInclude>
  </ItemGroup>
</Project>